#MicroXplorer Configuration settings - do not modify
Mcu.Family=STM32F4
ProjectManager.MainLocation=Core/Src
ProjectManager.ProjectFileName=WIFI_UPC.ioc
USART2.IPParameters=VirtualMode
RCC.CortexFreq_Value=16000000
ProjectManager.KeepUserCode=true
PA10.Mode=Asynchronous
Mcu.UserName=STM32F401RETx
Mcu.PinsNb=13
ProjectManager.NoMain=false
RCC.PLLCLKFreq_Value=84000000
RCC.PLLQCLKFreq_Value=84000000
ProjectManager.functionlistsort=1-MX_GPIO_Init-GPIO-false-HAL-true,2-SystemClock_Config-RCC-false-HAL-false,3-MX_TIM3_Init-TIM3-false-HAL-true,4-MX_USART2_UART_Init-USART2-false-HAL-true,5-MX_USART1_UART_Init-USART1-false-HAL-true
PH1\ -\ OSC_OUT.Mode=HSE-External-Clock-Source
RCC.RTCFreq_Value=32000
ProjectManager.DefaultFWLocation=true
ProjectManager.DeletePrevious=true
USART1.IPParameters=VirtualMode
RCC.APB1CLKDivider=RCC_HCLK_DIV2
NVIC.USART2_IRQn=true\:5\:0\:true\:false\:true\:true\:true
PinOutPanel.RotationAngle=0
ProjectManager.StackSize=0x400
SH.GPXTI13.0=GPIO_EXTI13
PA13.Signal=SYS_JTMS-SWDIO
PA3.Mode=Asynchronous
Mcu.IP4=USART1
RCC.FCLKCortexFreq_Value=16000000
Mcu.IP5=USART2
NVIC.SVCall_IRQn=true\:0\:0\:false\:false\:true\:false\:false
Mcu.IP2=SYS
Mcu.IP3=TIM3
Mcu.IP0=NVIC
PA9.Mode=Asynchronous
Mcu.IP1=RCC
PH0\ -\ OSC_IN.Mode=HSE-External-Clock-Source
Mcu.UserConstants=
PH0\ -\ OSC_IN.Signal=RCC_OSC_IN
ProjectManager.TargetToolchain=STM32CubeIDE
SH.GPXTI13.ConfNb=1
Mcu.ThirdPartyNb=0
RCC.HCLKFreq_Value=16000000
Mcu.IPNb=6
RCC.I2SClocksFreq_Value=96000000
ProjectManager.PreviousToolchain=
RCC.APB2TimFreq_Value=16000000
TIM3.Period=1000
PA9.Signal=USART1_TX
RCC.VcooutputI2S=96000000
Mcu.Pin6=PA9
Mcu.Pin7=PA10
ProjectManager.RegisterCallBack=
Mcu.Pin8=PA13
Mcu.Pin9=PA14
VP_TIM3_VS_ClockSourceINT.Signal=TIM3_VS_ClockSourceINT
RCC.LSE_VALUE=32768
RCC.AHBFreq_Value=16000000
Mcu.Pin0=PC13-ANTI_TAMP
Mcu.Pin1=PH0 - OSC_IN
GPIO.groupedBy=Group By Peripherals
Mcu.Pin2=PH1 - OSC_OUT
Mcu.Pin3=PA2
Mcu.Pin4=PA3
NVIC.EXTI15_10_IRQn=true\:5\:0\:true\:false\:true\:true\:true
RCC.VCOI2SOutputFreq_Value=192000000
Mcu.Pin5=PA5
PA5.Signal=GPIO_Output
ProjectManager.ProjectBuild=false
RCC.HSE_VALUE=8000000
NVIC.UsageFault_IRQn=true\:0\:0\:false\:false\:true\:false\:false
NVIC.DebugMonitor_IRQn=true\:0\:0\:false\:false\:true\:false\:false
PH1\ -\ OSC_OUT.Signal=RCC_OSC_OUT
PB3.Mode=Trace_Asynchronous_SW
board=custom
PC13-ANTI_TAMP.Signal=GPXTI13
RCC.VCOOutputFreq_Value=336000000
PC13-ANTI_TAMP.Locked=true
NVIC.SysTick_IRQn=true\:0\:0\:false\:false\:true\:false\:true
ProjectManager.LastFirmware=true
NVIC.TIM3_IRQn=true\:0\:0\:false\:false\:true\:true\:true
ProjectManager.FirmwarePackage=STM32Cube FW_F4 V1.26.1
MxDb.Version=DB.6.0.21
RCC.APB2Freq_Value=16000000
ProjectManager.BackupPrevious=false
MxCube.Version=6.2.1
RCC.VCOInputFreq_Value=1000000
PA14.Mode=Trace_Asynchronous_SW
TIM3.Prescaler=16000
File.Version=6
VP_SYS_VS_Systick.Mode=SysTick
TIM3.IPParameters=Prescaler,Period
NVIC.NonMaskableInt_IRQn=true\:0\:0\:false\:false\:true\:false\:false
NVIC.PendSV_IRQn=true\:0\:0\:false\:false\:true\:false\:false
PA13.Mode=Trace_Asynchronous_SW
ProjectManager.FreePins=false
RCC.IPParameters=48MHZClocksFreq_Value,AHBFreq_Value,APB1CLKDivider,APB1Freq_Value,APB1TimFreq_Value,APB2Freq_Value,APB2TimFreq_Value,CortexFreq_Value,FCLKCortexFreq_Value,HCLKFreq_Value,HSE_VALUE,HSI_VALUE,I2SClocksFreq_Value,LSE_VALUE,LSI_VALUE,MCO2PinFreq_Value,PLLCLKFreq_Value,PLLN,PLLP,PLLQCLKFreq_Value,RTCFreq_Value,RTCHSEDivFreq_Value,SYSCLKFreq_VALUE,VCOI2SOutputFreq_Value,VCOInputFreq_Value,VCOOutputFreq_Value,VcooutputI2S
ProjectManager.AskForMigrate=true
Mcu.Name=STM32F401R(D-E)Tx
ProjectManager.HalAssertFull=false
RCC.RTCHSEDivFreq_Value=4000000
PA2.Signal=USART2_TX
ProjectManager.ProjectName=WIFI_UPC
ProjectManager.UnderRoot=true
ProjectManager.CoupleFile=false
RCC.48MHZClocksFreq_Value=84000000
RCC.MCO2PinFreq_Value=16000000
PB3.Signal=SYS_JTDO-SWO
RCC.SYSCLKFreq_VALUE=16000000
Mcu.Package=LQFP64
PA5.Locked=true
NVIC.ForceEnableDMAVector=true
KeepUserPlacement=false
USART2.VirtualMode=VM_ASYNC
NVIC.MemoryManagement_IRQn=true\:0\:0\:false\:false\:true\:false\:false
USART1.VirtualMode=VM_ASYNC
ProjectManager.CompilerOptimize=6
ProjectManager.ToolChainLocation=
RCC.LSI_VALUE=32000
VP_SYS_VS_Systick.Signal=SYS_VS_Systick
PA10.Signal=USART1_RX
PA14.Signal=SYS_JTCK-SWCLK
ProjectManager.HeapSize=0x200
NVIC.HardFault_IRQn=true\:0\:0\:false\:false\:true\:false\:false
ProjectManager.ComputerToolchain=false
RCC.HSI_VALUE=16000000
RCC.PLLP=RCC_PLLP_DIV4
NVIC.PriorityGroup=NVIC_PRIORITYGROUP_4
Mcu.Pin11=VP_SYS_VS_Systick
Mcu.Pin12=VP_TIM3_VS_ClockSourceINT
RCC.PLLN=336
Mcu.Pin10=PB3
RCC.APB1TimFreq_Value=16000000
PA2.Mode=Asynchronous
NVIC.BusFault_IRQn=true\:0\:0\:false\:false\:true\:false\:false
NVIC.USART1_IRQn=true\:5\:0\:true\:false\:true\:true\:true
RCC.APB1Freq_Value=8000000
ProjectManager.CustomerFirmwarePackage=
VP_TIM3_VS_ClockSourceINT.Mode=Internal
ProjectManager.DeviceId=STM32F401RETx
ProjectManager.LibraryCopy=1
PA3.Signal=USART2_RX
isbadioc=true
